
Microsoft Visual Studio Solution File, Format Version 12.00
# Visual Studio Version 17
VisualStudioVersion = 17.5.33516.290
MinimumVisualStudioVersion = 10.0.40219.1
Project("{9A19103F-16F7-4668-BE54-9A1E7A4F7556}") = "LogixTechnology", "LogixTechnology\LogixTechnology.csproj", "{30CE114F-0D3C-4494-B906-348B094FF181}"
EndProject
Project("{9A19103F-16F7-4668-BE54-9A1E7A4F7556}") = "LogixTechnology.Constant", "LogixTechnology.Constant\LogixTechnology.Constant.csproj", "{4EAB3810-4BEE-46B3-8ED2-17E2C9C8F2D7}"
EndProject
Project("{9A19103F-16F7-4668-BE54-9A1E7A4F7556}") = "LogixTechnology.Data", "LogixTechnology.Data\LogixTechnology.Data.csproj", "{2D362C4F-39F8-47B7-8D99-7583E4F49914}"
EndProject
Global
	GlobalSection(SolutionConfigurationPlatforms) = preSolution
		Debug|Any CPU = Debug|Any CPU
		Release|Any CPU = Release|Any CPU
	EndGlobalSection
	GlobalSection(ProjectConfigurationPlatforms) = postSolution
		{30CE114F-0D3C-4494-B906-348B094FF181}.Debug|Any CPU.ActiveCfg = Debug|Any CPU
		{30CE114F-0D3C-4494-B906-348B094FF181}.Debug|Any CPU.Build.0 = Debug|Any CPU
		{30CE114F-0D3C-4494-B906-348B094FF181}.Release|Any CPU.ActiveCfg = Release|Any CPU
		{30CE114F-0D3C-4494-B906-348B094FF181}.Release|Any CPU.Build.0 = Release|Any CPU
		{4EAB3810-4BEE-46B3-8ED2-17E2C9C8F2D7}.Debug|Any CPU.ActiveCfg = Debug|Any CPU
		{4EAB3810-4BEE-46B3-8ED2-17E2C9C8F2D7}.Debug|Any CPU.Build.0 = Debug|Any CPU
		{4EAB3810-4BEE-46B3-8ED2-17E2C9C8F2D7}.Release|Any CPU.ActiveCfg = Release|Any CPU
		{4EAB3810-4BEE-46B3-8ED2-17E2C9C8F2D7}.Release|Any CPU.Build.0 = Release|Any CPU
		{2D362C4F-39F8-47B7-8D99-7583E4F49914}.Debug|Any CPU.ActiveCfg = Debug|Any CPU
		{2D362C4F-39F8-47B7-8D99-7583E4F49914}.Debug|Any CPU.Build.0 = Debug|Any CPU
		{2D362C4F-39F8-47B7-8D99-7583E4F49914}.Release|Any CPU.ActiveCfg = Release|Any CPU
		{2D362C4F-39F8-47B7-8D99-7583E4F49914}.Release|Any CPU.Build.0 = Release|Any CPU
	EndGlobalSection
	GlobalSection(SolutionProperties) = preSolution
		HideSolutionNode = FALSE
	EndGlobalSection
	GlobalSection(ExtensibilityGlobals) = postSolution
		SolutionGuid = {E5B69E8C-1A2C-4EDD-AC90-57F8A70AA6CE}
	EndGlobalSection
EndGlobal
